{
  "name": "ISL",
  "requires": true,
  "lockfileVersion": 1,
  "dependencies": {
    "primo-explore-dom": {
      "version": "0.0.10",
      "resolved": "https://registry.npmjs.org/primo-explore-dom/-/primo-explore-dom-0.0.10.tgz",
      "integrity": "sha1-c0FD4xaKsG4LRhZaah32saKA1GE=",
      "dev": true
    }
  }
}
