{
  "name": "BU",
  "requires": true,
  "lockfileVersion": 1,
  "dependencies": {
    "primo-explore-oadoi-link": {
      "version": "1.0.1",
      "resolved": "https://registry.npmjs.org/primo-explore-oadoi-link/-/primo-explore-oadoi-link-1.0.1.tgz",
      "integrity": "sha512-GksKYiGHLOt0uT3aniZY6uXfXSxMq9cAO0O0ESj1pHvD83gcG35/7CzsYIfAwhGoctJy8dj9+TP3cWjM7NKNIQ==",
      "dev": true
    }
  }
}
