{
  "name": "BU",
  "requires": true,
  "lockfileVersion": 1,
  "dependencies": {
    "primo-explore-report-problem": {
      "version": "3.0.0",
      "resolved": "https://registry.npmjs.org/primo-explore-report-problem/-/primo-explore-report-problem-3.0.0.tgz",
      "integrity": "sha512-ZddqSEz+7zl48nwyYr5PXHNvCqykM+s21fpX3kO46DCOCgNHRNKoYTWJzuvSF8AJEEQlnWLFtWJLMx6GwNT3sQ==",
      "dev": true
    },
    "primo-explore-unpaywall": {
      "version": "1.0.1",
      "resolved": "https://registry.npmjs.org/primo-explore-unpaywall/-/primo-explore-unpaywall-1.0.1.tgz",
      "integrity": "sha512-TGYaBs20FAA6Qt3Phrn6Mf3KaJinSehZQ2xKNWirPK1qbuXAtx16PopWgGh+5zCNjbnI0ZZ/fEqS29icuEYtmA==",
      "dev": true
    }
  }
}
